{
  "requires": true,
  "lockfileVersion": 1,
  "dependencies": {
    "react-native-background-timer": {
      "version": "2.4.1",
      "resolved": "https://registry.npmjs.org/react-native-background-timer/-/react-native-background-timer-2.4.1.tgz",
      "integrity": "sha512-TE4Kiy7jUyv+hugxDxitzu38sW1NqjCk4uE5IgU2WevLv7sZacaBc6PZKOShNRPGirLl1NWkaG3LDEkdb9Um5g=="
    }
  }
}
